
Microsoft Visual Studio Solution File, Format Version 12.00
# Visual Studio 15
VisualStudioVersion = 15.0.27130.2010
MinimumVisualStudioVersion = 10.0.40219.1
Project("{FAE04EC0-301F-11D3-BF4B-00C04F79EFBC}") = "Golf Game", "Golf Game.csproj", "{47204BB7-7ED5-4F42-9223-94F4A576D5D5}"
EndProject
Global
	GlobalSection(SolutionConfigurationPlatforms) = preSolution
		Debug|Any CPU = Debug|Any CPU
		Release|Any CPU = Release|Any CPU
	EndGlobalSection
	GlobalSection(ProjectConfigurationPlatforms) = postSolution
		{47204BB7-7ED5-4F42-9223-94F4A576D5D5}.Debug|Any CPU.ActiveCfg = Debug|Any CPU
		{47204BB7-7ED5-4F42-9223-94F4A576D5D5}.Debug|Any CPU.Build.0 = Debug|Any CPU
		{47204BB7-7ED5-4F42-9223-94F4A576D5D5}.Release|Any CPU.ActiveCfg = Release|Any CPU
		{47204BB7-7ED5-4F42-9223-94F4A576D5D5}.Release|Any CPU.Build.0 = Release|Any CPU
	EndGlobalSection
	GlobalSection(SolutionProperties) = preSolution
		HideSolutionNode = FALSE
	EndGlobalSection
	GlobalSection(ExtensibilityGlobals) = postSolution
		SolutionGuid = {AF51E5CE-FEBA-45A3-B4AE-75FE2865B7D9}
	EndGlobalSection
EndGlobal
